
Microsoft Visual Studio Solution File, Format Version 12.00
# Visual Studio Version 16
VisualStudioVersion = 16.0.30225.117
MinimumVisualStudioVersion = 10.0.40219.1
Project("{FAE04EC0-301F-11D3-BF4B-00C04F79EFBC}") = "LerPDF", "LerPDF\LerPDF.csproj", "{30FB7C00-B1B2-4B94-A12E-B37E6256F4CF}"
EndProject
Global
	GlobalSection(SolutionConfigurationPlatforms) = preSolution
		Debug|Any CPU = Debug|Any CPU
		Release|Any CPU = Release|Any CPU
	EndGlobalSection
	GlobalSection(ProjectConfigurationPlatforms) = postSolution
		{30FB7C00-B1B2-4B94-A12E-B37E6256F4CF}.Debug|Any CPU.ActiveCfg = Debug|Any CPU
		{30FB7C00-B1B2-4B94-A12E-B37E6256F4CF}.Debug|Any CPU.Build.0 = Debug|Any CPU
		{30FB7C00-B1B2-4B94-A12E-B37E6256F4CF}.Release|Any CPU.ActiveCfg = Release|Any CPU
		{30FB7C00-B1B2-4B94-A12E-B37E6256F4CF}.Release|Any CPU.Build.0 = Release|Any CPU
	EndGlobalSection
	GlobalSection(SolutionProperties) = preSolution
		HideSolutionNode = FALSE
	EndGlobalSection
	GlobalSection(ExtensibilityGlobals) = postSolution
		SolutionGuid = {55C5A406-1E7C-496C-A43E-B805086BD8A4}
	EndGlobalSection
EndGlobal
